{
  "pins" : [
    {
      "identity" : "performancebezier",
      "kind" : "remoteSourceControl",
      "location" : "https://github.com/adamwulf/PerformanceBezier",
      "state" : {
        "branch" : "main",
        "revision" : "50a19e6f59adcc92d6c6956a0973b7a58ffe7925"
      }
    },
    {
      "identity" : "swifttoolbox",
      "kind" : "remoteSourceControl",
      "location" : "https://github.com/adamwulf/SwiftToolbox",
      "state" : {
        "branch" : "fix/ios12",
        "revision" : "99fba0c74d04ccabc71b3ecf365f43b12fe26ad6"
      }
    }
  ],
  "version" : 2
}
