{
  "pins" : [
    {
      "identity" : "performancebezier",
      "kind" : "remoteSourceControl",
      "location" : "https://github.com/adamwulf/PerformanceBezier",
      "state" : {
        "branch" : "muse",
        "revision" : "b3cc82221836a8ce1f0692033d58b1ff836c57f8"
      }
    },
    {
      "identity" : "swifttoolbox",
      "kind" : "remoteSourceControl",
      "location" : "https://github.com/adamwulf/SwiftToolbox",
      "state" : {
        "branch" : "main",
        "revision" : "99fba0c74d04ccabc71b3ecf365f43b12fe26ad6"
      }
    }
  ],
  "version" : 2
}
