{
  "pins" : [
    {
      "identity" : "performancebezier",
      "kind" : "remoteSourceControl",
      "location" : "https://github.com/adamwulf/PerformanceBezier",
      "state" : {
        "branch" : "main",
        "revision" : "2b15a68bd2837f8636501985e60e3399a2d15a86"
      }
    },
    {
      "identity" : "swifttoolbox",
      "kind" : "remoteSourceControl",
      "location" : "https://github.com/adamwulf/SwiftToolbox",
      "state" : {
        "branch" : "main",
        "revision" : "48432fcd304cd6acc0fc1fe4b497f61a72f80132"
      }
    }
  ],
  "version" : 2
}
